{
    "_readme": [
        "This file locks the dependencies of your project to a known state",
        "Read more about it at https://getcomposer.org/doc/01-basic-usage.md#installing-dependencies",
        "This file is @generated automatically"
    ],
    "content-hash": "dc1f9f49f4cc01b0d723ff6fd697f77f",
    "packages": [
        {
            "name": "nwidart/laravel-modules",
            "version": "6.2.0",
            "source": {
                "type": "git",
                "url": "https://github.com/nWidart/laravel-modules.git",
                "reference": "6dc702eeb5d025b4cd331bc394e47ccc43b68e89"
            },
            "dist": {
                "type": "zip",
                "url": "https://api.github.com/repos/nWidart/laravel-modules/zipball/6dc702eeb5d025b4cd331bc394e47ccc43b68e89",
                "reference": "6dc702eeb5d025b4cd331bc394e47ccc43b68e89",
                "shasum": ""
            },
            "require": {
                "ext-json": "*",
                "php": ">=7.2"
            },
            "require-dev": {
                "friendsofphp/php-cs-fixer": "^2.15",
                "laravel/framework": "6.0.*",
                "mockery/mockery": "~1.0",
                "orchestra/testbench": "^4.0",
                "phpstan/phpstan": "^0.9.2",
                "phpunit/phpunit": "~7.0|~8.0",
                "spatie/phpunit-snapshot-assertions": "^2.1.0"
            },
            "type": "library",
            "extra": {
                "laravel": {
                    "providers": [
                        "Nwidart\\Modules\\LaravelModulesServiceProvider"
                    ],
                    "aliases": {
                        "Module": "Nwidart\\Modules\\Facades\\Module"
                    }
                },
                "branch-alias": {
                    "dev-master": "6.0-dev"
                }
            },
            "autoload": {
                "psr-4": {
                    "Nwidart\\Modules\\": "src"
                },
                "files": [
                    "src/helpers.php"
                ]
            },
            "notification-url": "https://packagist.org/downloads/",
            "license": [
                "MIT"
            ],
            "authors": [
                {
                    "name": "Nicolas Widart",
                    "email": "n.widart@gmail.com",
                    "homepage": "https://nicolaswidart.com",
                    "role": "Developer"
                }
            ],
            "description": "Laravel Module management",
            "keywords": [
                "laravel",
                "module",
                "modules",
                "nwidart",
                "rad"
            ],
            "time": "2019-11-12T18:38:48+00:00"
        },
        {
            "name": "symfony/polyfill-ctype",
            "version": "dev-master",
            "source": {
                "type": "git",
                "url": "https://github.com/symfony/polyfill-ctype.git",
                "reference": "f8f0b461be3385e56d6de3dbb5a0df24c0c275e3"
            },
            "dist": {
                "type": "zip",
                "url": "https://api.github.com/repos/symfony/polyfill-ctype/zipball/f8f0b461be3385e56d6de3dbb5a0df24c0c275e3",
                "reference": "f8f0b461be3385e56d6de3dbb5a0df24c0c275e3",
                "shasum": ""
            },
            "require": {
                "php": ">=5.3.3"
            },
            "suggest": {
                "ext-ctype": "For best performance"
            },
            "type": "library",
            "extra": {
                "branch-alias": {
                    "dev-master": "1.13-dev"
                }
            },
            "autoload": {
                "psr-4": {
                    "Symfony\\Polyfill\\Ctype\\": ""
                },
                "files": [
                    "bootstrap.php"
                ]
            },
            "notification-url": "https://packagist.org/downloads/",
            "license": [
                "MIT"
            ],
            "authors": [
                {
                    "name": "Gert de Pagter",
                    "email": "BackEndTea@gmail.com"
                },
                {
                    "name": "Symfony Community",
                    "homepage": "https://symfony.com/contributors"
                }
            ],
            "description": "Symfony polyfill for ctype functions",
            "homepage": "https://symfony.com",
            "keywords": [
                "compatibility",
                "ctype",
                "polyfill",
                "portable"
            ],
            "time": "2019-11-27T13:56:44+00:00"
        },
        {
            "name": "symfony/yaml",
            "version": "dev-master",
            "source": {
                "type": "git",
                "url": "https://github.com/symfony/yaml.git",
                "reference": "1ff992f3a74b4c77fea5fd9f382a083915c214aa"
            },
            "dist": {
                "type": "zip",
                "url": "https://api.github.com/repos/symfony/yaml/zipball/1ff992f3a74b4c77fea5fd9f382a083915c214aa",
                "reference": "1ff992f3a74b4c77fea5fd9f382a083915c214aa",
                "shasum": ""
            },
            "require": {
                "php": "^7.2.5",
                "symfony/polyfill-ctype": "~1.8"
            },
            "conflict": {
                "symfony/console": "<4.4"
            },
            "require-dev": {
                "symfony/console": "^4.4|^5.0"
            },
            "suggest": {
                "symfony/console": "For validating YAML files using the lint command"
            },
            "type": "library",
            "extra": {
                "branch-alias": {
                    "dev-master": "5.1-dev"
                }
            },
            "autoload": {
                "psr-4": {
                    "Symfony\\Component\\Yaml\\": ""
                },
                "exclude-from-classmap": [
                    "/Tests/"
                ]
            },
            "notification-url": "https://packagist.org/downloads/",
            "license": [
                "MIT"
            ],
            "authors": [
                {
                    "name": "Fabien Potencier",
                    "email": "fabien@symfony.com"
                },
                {
                    "name": "Symfony Community",
                    "homepage": "https://symfony.com/contributors"
                }
            ],
            "description": "Symfony Yaml Component",
            "homepage": "https://symfony.com",
            "time": "2019-11-21T07:02:52+00:00"
        }
    ],
    "packages-dev": [],
    "aliases": [],
    "minimum-stability": "dev",
    "stability-flags": {
        "symfony/yaml": 20,
        "nwidart/laravel-modules": 20
    },
    "prefer-stable": false,
    "prefer-lowest": false,
    "platform": {
        "php": "^7.0"
    },
    "platform-dev": []
}
